PODS:
  - FirebaseFirestore (7.4.0)
  - FlutterMacOS (1.0.0)

DEPENDENCIES:
  - FirebaseFirestore (from `https://github.com/invertase/firestore-ios-sdk-frameworks.git`, tag `7.4.0`)
  - FlutterMacOS (from `Flutter/ephemeral`)

EXTERNAL SOURCES:
  FirebaseFirestore:
    :git: https://github.com/invertase/firestore-ios-sdk-frameworks.git
    :tag: 7.4.0
  FlutterMacOS:
    :path: Flutter/ephemeral

CHECKOUT OPTIONS:
  FirebaseFirestore:
    :git: https://github.com/invertase/firestore-ios-sdk-frameworks.git
    :tag: 7.4.0

SPEC CHECKSUMS:
  FirebaseFirestore: 6f0af8bd7d1192a31b566d0577909dc4af702eb2
  FlutterMacOS: d0db08ddef1a9af05a5ec4b724367152bb0500b1

PODFILE CHECKSUM: e9e896adffa4bb22d71f62604413ccb5ad0b8436

COCOAPODS: 1.16.2
