PODS:
  - AppAuth (1.4.0):
    - AppAuth/Core (= 1.4.0)
    - AppAuth/ExternalUserAgent (= 1.4.0)
  - AppAuth/Core (1.4.0)
  - AppAuth/ExternalUserAgent (1.4.0)
  - cloud_firestore (1.0.5):
    - Firebase/Firestore (= 7.4.0)
    - firebase_core
    - Flutter
  - Firebase/Auth (7.4.0):
    - Firebase/CoreOnly
    - FirebaseAuth (~> 7.4.0)
  - Firebase/CoreOnly (7.4.0):
    - FirebaseCore (= 7.4.0)
  - Firebase/Database (7.4.0):
    - Firebase/CoreOnly
    - FirebaseDatabase (~> 7.4.0)
  - Firebase/Firestore (7.4.0):
    - Firebase/CoreOnly
    - FirebaseFirestore (~> 7.4.0)
  - firebase_auth (1.1.0):
    - Firebase/Auth (= 7.4.0)
    - firebase_core
    - Flutter
  - firebase_core (1.0.3):
    - Firebase/CoreOnly (= 7.4.0)
    - Flutter
  - firebase_database (6.1.2):
    - Firebase/Database (= 7.4.0)
    - firebase_core
    - Flutter
  - FirebaseAuth (7.4.0):
    - FirebaseCore (~> 7.0)
    - GoogleUtilities/AppDelegateSwizzler (~> 7.0)
    - GoogleUtilities/Environment (~> 7.0)
    - GTMSessionFetcher/Core (~> 1.4)
  - FirebaseCore (7.4.0):
    - FirebaseCoreDiagnostics (~> 7.4)
    - GoogleUtilities/Environment (~> 7.0)
    - GoogleUtilities/Logger (~> 7.0)
  - FirebaseCoreDiagnostics (7.10.0):
    - GoogleDataTransport (~> 8.4)
    - GoogleUtilities/Environment (~> 7.0)
    - GoogleUtilities/Logger (~> 7.0)
    - nanopb (~> 2.30908.0)
  - FirebaseDatabase (7.4.0):
    - FirebaseCore (~> 7.0)
    - leveldb-library (~> 1.22)
  - FirebaseFirestore (7.4.0)
  - Flutter (1.0.0)
  - google_sign_in (0.0.1):
    - Flutter
    - GoogleSignIn (~> 5.0)
  - GoogleDataTransport (8.4.0):
    - GoogleUtilities/Environment (~> 7.2)
    - nanopb (~> 2.30908.0)
    - PromisesObjC (~> 1.2)
  - GoogleSignIn (5.0.2):
    - AppAuth (~> 1.2)
    - GTMAppAuth (~> 1.0)
    - GTMSessionFetcher/Core (~> 1.1)
  - GoogleUtilities/AppDelegateSwizzler (7.3.1):
    - GoogleUtilities/Environment
    - GoogleUtilities/Logger
    - GoogleUtilities/Network
  - GoogleUtilities/Environment (7.3.1):
    - PromisesObjC (~> 1.2)
  - GoogleUtilities/Logger (7.3.1):
    - GoogleUtilities/Environment
  - GoogleUtilities/Network (7.3.1):
    - GoogleUtilities/Logger
    - "GoogleUtilities/NSData+zlib"
    - GoogleUtilities/Reachability
  - "GoogleUtilities/NSData+zlib (7.3.1)"
  - GoogleUtilities/Reachability (7.3.1):
    - GoogleUtilities/Logger
  - GTMAppAuth (1.2.1):
    - AppAuth/Core (~> 1.4)
    - GTMSessionFetcher/Core (~> 1.5)
  - GTMSessionFetcher/Core (1.5.0)
  - leveldb-library (1.22.1)
  - nanopb (2.30908.0):
    - nanopb/decode (= 2.30908.0)
    - nanopb/encode (= 2.30908.0)
  - nanopb/decode (2.30908.0)
  - nanopb/encode (2.30908.0)
  - PromisesObjC (1.2.12)
  - sign_in_with_apple (0.0.1):
    - Flutter

DEPENDENCIES:
  - cloud_firestore (from `.symlinks/plugins/cloud_firestore/ios`)
  - firebase_auth (from `.symlinks/plugins/firebase_auth/ios`)
  - firebase_core (from `.symlinks/plugins/firebase_core/ios`)
  - firebase_database (from `.symlinks/plugins/firebase_database/ios`)
  - FirebaseFirestore (from `https://github.com/invertase/firestore-ios-sdk-frameworks.git`, tag `7.4.0`)
  - Flutter (from `Flutter`)
  - google_sign_in (from `.symlinks/plugins/google_sign_in/ios`)
  - sign_in_with_apple (from `.symlinks/plugins/sign_in_with_apple/ios`)

SPEC REPOS:
  trunk:
    - AppAuth
    - Firebase
    - FirebaseAuth
    - FirebaseCore
    - FirebaseCoreDiagnostics
    - FirebaseDatabase
    - GoogleDataTransport
    - GoogleSignIn
    - GoogleUtilities
    - GTMAppAuth
    - GTMSessionFetcher
    - leveldb-library
    - nanopb
    - PromisesObjC

EXTERNAL SOURCES:
  cloud_firestore:
    :path: ".symlinks/plugins/cloud_firestore/ios"
  firebase_auth:
    :path: ".symlinks/plugins/firebase_auth/ios"
  firebase_core:
    :path: ".symlinks/plugins/firebase_core/ios"
  firebase_database:
    :path: ".symlinks/plugins/firebase_database/ios"
  FirebaseFirestore:
    :git: https://github.com/invertase/firestore-ios-sdk-frameworks.git
    :tag: 7.4.0
  Flutter:
    :path: Flutter
  google_sign_in:
    :path: ".symlinks/plugins/google_sign_in/ios"
  sign_in_with_apple:
    :path: ".symlinks/plugins/sign_in_with_apple/ios"

CHECKOUT OPTIONS:
  FirebaseFirestore:
    :git: https://github.com/invertase/firestore-ios-sdk-frameworks.git
    :tag: 7.4.0

SPEC CHECKSUMS:
  AppAuth: 31bcec809a638d7bd2f86ea8a52bd45f6e81e7c7
  cloud_firestore: 2ba52157df63d8773018bb9ecb97cbe08b5055a4
  Firebase: 09fb40287b6dfc8ee65f726fa0b788719d3f2a07
  firebase_auth: 34cb862c9522bf9b540e20481b30ef5def476d94
  firebase_core: a9d2738c7c85ab10baee3176a5803c8e7f3b79fa
  firebase_database: e53c4da75d764c003045cfaa63eefc4fb8846b31
  FirebaseAuth: d8dba8db90a1705ee2493857047282ca4f6e7598
  FirebaseCore: 99c06e5a1e8d6952e75cb1f0a6d0b23c0f5ccdcf
  FirebaseCoreDiagnostics: 5662a3823ffcc0acbaa9a21ba5ed302fac634705
  FirebaseDatabase: 0a619c887a9565bf4808eba37d2f0ed1d62f62d0
  FirebaseFirestore: 41ec175172c1c0d2a86818b61feda2bfc282e7b4
  Flutter: 434fef37c0980e73bb6479ef766c45957d4b510c
  google_sign_in: 6bd214b9c154f881422f5fe27b66aaa7bbd580cc
  GoogleDataTransport: cd9db2180fcecd8da1b561aea31e3e56cf834aa7
  GoogleSignIn: 7137d297ddc022a7e0aa4619c86d72c909fa7213
  GoogleUtilities: e1d9ed4e544fc32a93e00e721400cbc3f377200d
  GTMAppAuth: 5b53231ef6920f149ab84b2969cb0ab572da3077
  GTMSessionFetcher: b3503b20a988c4e20cc189aa798fd18220133f52
  leveldb-library: 50c7b45cbd7bf543c81a468fe557a16ae3db8729
  nanopb: a0ba3315591a9ae0a16a309ee504766e90db0c96
  PromisesObjC: 3113f7f76903778cf4a0586bd1ab89329a0b7b97
  sign_in_with_apple: 34f3f5456a45fd7ac5fb42905e2ad31dae061b4a

PODFILE CHECKSUM: ec0c1bc572d895a33bcb31db8a049af502b47e1d

COCOAPODS: 1.10.1
